# THIS IS AN AUTOGENERATED FILE. DO NOT EDIT THIS FILE DIRECTLY.
# yarn lockfile v1


eslint-config-standard@^11.0.0-beta.0:
  version "11.0.0-beta.0"
  resolved "https://registry.yarnpkg.com/eslint-config-standard/-/eslint-config-standard-11.0.0-beta.0.tgz#f8afe69803d95c685a4b8392b8793188eb03cbb3"
